<?xml version="1.0" encoding="utf-8"?>
<Project ToolsVersion="4.0" xmlns="http://schemas.microsoft.com/developer/msbuild/2003">
  <ItemGroup>
    <Filter Include="源文件">
      <UniqueIdentifier>{4FC737F1-C7A5-4376-A066-2A32D752A2FF}</UniqueIdentifier>
      <Extensions>cpp;c;cc;cxx;c++;cppm;ixx;def;odl;idl;hpj;bat;asm;asmx</Extensions>
    </Filter>
    <Filter Include="头文件">
      <UniqueIdentifier>{93995380-89BD-4b04-88EB-625FBE52EBFB}</UniqueIdentifier>
      <Extensions>h;hh;hpp;hxx;h++;hm;inl;inc;ipp;xsd</Extensions>
    </Filter>
    <Filter Include="资源文件">
      <UniqueIdentifier>{67DA6AB6-F800-4c08-8B7A-83BB121AAD01}</UniqueIdentifier>
      <Extensions>rc;ico;cur;bmp;dlg;rc2;rct;bin;rgs;gif;jpg;jpeg;jpe;resx;tiff;tif;png;wav;mfcribbon-ms</Extensions>
    </Filter>
    <Filter Include="头文件\include">
      <UniqueIdentifier>{8ec11b69-ee65-4b05-812a-7df4420947e3}</UniqueIdentifier>
    </Filter>
    <Filter Include="头文件\include\xs">
      <UniqueIdentifier>{a8ae7fdf-96b3-4494-b30f-577ac351a0de}</UniqueIdentifier>
    </Filter>
    <Filter Include="头文件\embed">
      <UniqueIdentifier>{7813236f-a5bc-4b2e-b1ae-3eeb307e3db6}</UniqueIdentifier>
    </Filter>
    <Filter Include="头文件\embed\embedded_resources">
      <UniqueIdentifier>{4c646f34-e4fd-4357-b71d-eea6d01029bb}</UniqueIdentifier>
    </Filter>
  </ItemGroup>
  <ItemGroup>
    <ClCompile Include="main.cpp">
      <Filter>源文件</Filter>
    </ClCompile>
    <ClCompile Include="MyModule.cpp">
      <Filter>源文件</Filter>
    </ClCompile>
  </ItemGroup>
  <ItemGroup>
    <ClInclude Include="MyModule.h">
      <Filter>头文件</Filter>
    </ClInclude>
    <ClInclude Include="..\include\xs\XSMethod.hpp">
      <Filter>头文件\include\xs</Filter>
    </ClInclude>
    <ClInclude Include="..\include\xs\XSServer.hpp">
      <Filter>头文件\include\xs</Filter>
    </ClInclude>
    <ClInclude Include="..\include\xs\XSModule.hpp">
      <Filter>头文件\include\xs</Filter>
    </ClInclude>
    <ClInclude Include="embed\resource.hpp">
      <Filter>头文件\embed</Filter>
    </ClInclude>
    <ClInclude Include="embed\resource_holder.hpp">
      <Filter>头文件\embed</Filter>
    </ClInclude>
    <ClInclude Include="embed\span.hpp">
      <Filter>头文件\embed</Filter>
    </ClInclude>
    <ClInclude Include="embed\embedded_resources\resource_12188679656107829316.hpp">
      <Filter>头文件\embed\embedded_resources</Filter>
    </ClInclude>
  </ItemGroup>
</Project>